
Microsoft Visual Studio Solution File, Format Version 12.00
# Visual Studio Version 17
VisualStudioVersion = 17.0.31423.177
MinimumVisualStudioVersion = 10.0.40219.1
Project("{9A19103F-16F7-4668-BE54-9A1E7A4F7556}") = "Hotel", "Hotel.csproj", "{AD2BA804-329B-4088-ADFE-0E800BF3CFAA}"
EndProject
Project("{9A19103F-16F7-4668-BE54-9A1E7A4F7556}") = "Additional", "..\Additional\Additional.csproj", "{2A1C0BC0-FC66-4702-961E-D5152533B3D9}"
EndProject
Project("{2150E333-8FDC-42A3-9474-1A3956D46DE8}") = "Solution Items", "Solution Items", "{949BA0E1-6025-4E87-AC7A-25E8A387BF74}"
	ProjectSection(SolutionItems) = preProject
		.editorconfig = .editorconfig
	EndProjectSection
EndProject
Global
	GlobalSection(SolutionConfigurationPlatforms) = preSolution
		Debug|Any CPU = Debug|Any CPU
		Release|Any CPU = Release|Any CPU
	EndGlobalSection
	GlobalSection(ProjectConfigurationPlatforms) = postSolution
		{AD2BA804-329B-4088-ADFE-0E800BF3CFAA}.Debug|Any CPU.ActiveCfg = Debug|Any CPU
		{AD2BA804-329B-4088-ADFE-0E800BF3CFAA}.Debug|Any CPU.Build.0 = Debug|Any CPU
		{AD2BA804-329B-4088-ADFE-0E800BF3CFAA}.Release|Any CPU.ActiveCfg = Release|Any CPU
		{AD2BA804-329B-4088-ADFE-0E800BF3CFAA}.Release|Any CPU.Build.0 = Release|Any CPU
		{2A1C0BC0-FC66-4702-961E-D5152533B3D9}.Debug|Any CPU.ActiveCfg = Debug|Any CPU
		{2A1C0BC0-FC66-4702-961E-D5152533B3D9}.Debug|Any CPU.Build.0 = Debug|Any CPU
		{2A1C0BC0-FC66-4702-961E-D5152533B3D9}.Release|Any CPU.ActiveCfg = Release|Any CPU
		{2A1C0BC0-FC66-4702-961E-D5152533B3D9}.Release|Any CPU.Build.0 = Release|Any CPU
	EndGlobalSection
	GlobalSection(SolutionProperties) = preSolution
		HideSolutionNode = FALSE
	EndGlobalSection
	GlobalSection(ExtensibilityGlobals) = postSolution
		SolutionGuid = {E8AF8C2C-97D0-4E00-9566-D0DF340F762E}
	EndGlobalSection
EndGlobal
